{
  "originHash" : "6d319b6d5439c1b0ad85eadbf4cbc5b768193b7956b86c34b072c5076c9573c5",
  "pins" : [
    {
      "identity" : "swift-http-types",
      "kind" : "remoteSourceControl",
      "location" : "https://github.com/apple/swift-http-types",
      "state" : {
        "revision" : "db774a277f60063a32d854f2980299caf06da041",
        "version" : "1.6.0"
      }
    }
  ],
  "version" : 3
}
